// !$*UTF8*$!
{
	archiveVersion = 1;
	classes = {
	};
	objectVersion = 48;
	objects = {

/* Begin PBXBuildFile section */
		8BAE37712008F91E00120CFB /* AppDelegate.swift in Sources */ = {isa = PBXBuildFile; fileRef = 8BAE37702008F91E00120CFB /* AppDelegate.swift */; };
		8BAE37732008F91E00120CFB /* SoundPlayVC.swift in Sources */ = {isa = PBXBuildFile; fileRef = 8BAE37722008F91E00120CFB /* SoundPlayVC.swift */; };
		8BAE37762008F91E00120CFB /* Main.storyboard in Resources */ = {isa = PBXBuildFile; fileRef = 8BAE37742008F91E00120CFB /* Main.storyboard */; };
		8BAE37782008F91E00120CFB /* Assets.xcassets in Resources */ = {isa = PBXBuildFile; fileRef = 8BAE37772008F91E00120CFB /* Assets.xcassets */; };
		8BAE377B2008F91E00120CFB /* LaunchScreen.storyboard in Resources */ = {isa = PBXBuildFile; fileRef = 8BAE37792008F91E00120CFB /* LaunchScreen.storyboard */; };
		8BAE3783200908FA00120CFB /* Lazer84 2.ttf in Resources */ = {isa = PBXBuildFile; fileRef = 8BAE3782200908FA00120CFB /* Lazer84 2.ttf */; };
		8BAE3785200910DC00120CFB /* SoundCell.swift in Sources */ = {isa = PBXBuildFile; fileRef = 8BAE3784200910DC00120CFB /* SoundCell.swift */; };
		8BAE378B2009111600120CFB /* Constants.swift in Sources */ = {isa = PBXBuildFile; fileRef = 8BAE378A2009111600120CFB /* Constants.swift */; };
		8BAE378E200911A100120CFB /* Sound.swift in Sources */ = {isa = PBXBuildFile; fileRef = 8BAE378D200911A100120CFB /* Sound.swift */; };
		8BAE379020091AE500120CFB /* SoundService.swift in Sources */ = {isa = PBXBuildFile; fileRef = 8BAE378F20091AE500120CFB /* SoundService.swift */; };
		8BAE379320091EAA00120CFB /* bigshaq.mp3 in Resources */ = {isa = PBXBuildFile; fileRef = 8BAE379220091EAA00120CFB /* bigshaq.mp3 */; };
		8BAE379520091EB700120CFB /* asnee.mp3 in Resources */ = {isa = PBXBuildFile; fileRef = 8BAE379420091EB700120CFB /* asnee.mp3 */; };
		8BAE379720091EE100120CFB /* frizbee.mp3 in Resources */ = {isa = PBXBuildFile; fileRef = 8BAE379620091EE100120CFB /* frizbee.mp3 */; };
		8BAE379920091F2E00120CFB /* ducking.mp3 in Resources */ = {isa = PBXBuildFile; fileRef = 8BAE379820091F2E00120CFB /* ducking.mp3 */; };
		8BAE379B20091F5500120CFB /* boom.mp3 in Resources */ = {isa = PBXBuildFile; fileRef = 8BAE379A20091F5500120CFB /* boom.mp3 */; };
		8BAE379D20091F9600120CFB /* trap.mp3 in Resources */ = {isa = PBXBuildFile; fileRef = 8BAE379C20091F9600120CFB /* trap.mp3 */; };
/* End PBXBuildFile section */

/* Begin PBXFileReference section */
		8BAE376D2008F91E00120CFB /* BigShaqApp.app */ = {isa = PBXFileReference; explicitFileType = wrapper.application; includeInIndex = 0; path = BigShaqApp.app; sourceTree = BUILT_PRODUCTS_DIR; };
		8BAE37702008F91E00120CFB /* AppDelegate.swift */ = {isa = PBXFileReference; lastKnownFileType = sourcecode.swift; path = AppDelegate.swift; sourceTree = "<group>"; };
		8BAE37722008F91E00120CFB /* SoundPlayVC.swift */ = {isa = PBXFileReference; lastKnownFileType = sourcecode.swift; path = SoundPlayVC.swift; sourceTree = "<group>"; };
		8BAE37752008F91E00120CFB /* Base */ = {isa = PBXFileReference; lastKnownFileType = file.storyboard; name = Base; path = Base.lproj/Main.storyboard; sourceTree = "<group>"; };
		8BAE37772008F91E00120CFB /* Assets.xcassets */ = {isa = PBXFileReference; lastKnownFileType = folder.assetcatalog; path = Assets.xcassets; sourceTree = "<group>"; };
		8BAE377A2008F91E00120CFB /* Base */ = {isa = PBXFileReference; lastKnownFileType = file.storyboard; name = Base; path = Base.lproj/LaunchScreen.storyboard; sourceTree = "<group>"; };
		8BAE377C2008F91E00120CFB /* Info.plist */ = {isa = PBXFileReference; lastKnownFileType = text.plist.xml; path = Info.plist; sourceTree = "<group>"; };
		8BAE3782200908FA00120CFB /* Lazer84 2.ttf */ = {isa = PBXFileReference; lastKnownFileType = file; path = "Lazer84 2.ttf"; sourceTree = "<group>"; };
		8BAE3784200910DC00120CFB /* SoundCell.swift */ = {isa = PBXFileReference; lastKnownFileType = sourcecode.swift; path = SoundCell.swift; sourceTree = "<group>"; };
		8BAE378A2009111600120CFB /* Constants.swift */ = {isa = PBXFileReference; lastKnownFileType = sourcecode.swift; path = Constants.swift; sourceTree = "<group>"; };
		8BAE378D200911A100120CFB /* Sound.swift */ = {isa = PBXFileReference; lastKnownFileType = sourcecode.swift; path = Sound.swift; sourceTree = "<group>"; };
		8BAE378F20091AE500120CFB /* SoundService.swift */ = {isa = PBXFileReference; lastKnownFileType = sourcecode.swift; path = SoundService.swift; sourceTree = "<group>"; };
		8BAE379220091EAA00120CFB /* bigshaq.mp3 */ = {isa = PBXFileReference; lastKnownFileType = audio.mp3; path = bigshaq.mp3; sourceTree = "<group>"; };
		8BAE379420091EB700120CFB /* asnee.mp3 */ = {isa = PBXFileReference; lastKnownFileType = audio.mp3; path = asnee.mp3; sourceTree = "<group>"; };
		8BAE379620091EE100120CFB /* frizbee.mp3 */ = {isa = PBXFileReference; lastKnownFileType = audio.mp3; path = frizbee.mp3; sourceTree = "<group>"; };
		8BAE379820091F2E00120CFB /* ducking.mp3 */ = {isa = PBXFileReference; lastKnownFileType = audio.mp3; path = ducking.mp3; sourceTree = "<group>"; };
		8BAE379A20091F5500120CFB /* boom.mp3 */ = {isa = PBXFileReference; lastKnownFileType = audio.mp3; path = boom.mp3; sourceTree = "<group>"; };
		8BAE379C20091F9600120CFB /* trap.mp3 */ = {isa = PBXFileReference; lastKnownFileType = audio.mp3; path = trap.mp3; sourceTree = "<group>"; };
/* End PBXFileReference section */

/* Begin PBXFrameworksBuildPhase section */
		8BAE376A2008F91E00120CFB /* Frameworks */ = {
			isa = PBXFrameworksBuildPhase;
			buildActionMask = 2147483647;
			files = (
			);
			runOnlyForDeploymentPostprocessing = 0;
		};
/* End PBXFrameworksBuildPhase section */

/* Begin PBXGroup section */
		8BAE37642008F91E00120CFB = {
			isa = PBXGroup;
			children = (
				8BAE376F2008F91E00120CFB /* BigShaqApp */,
				8BAE376E2008F91E00120CFB /* Products */,
			);
			sourceTree = "<group>";
		};
		8BAE376E2008F91E00120CFB /* Products */ = {
			isa = PBXGroup;
			children = (
				8BAE376D2008F91E00120CFB /* BigShaqApp.app */,
			);
			name = Products;
			sourceTree = "<group>";
		};
		8BAE376F2008F91E00120CFB /* BigShaqApp */ = {
			isa = PBXGroup;
			children = (
				8BAE3788200910F100120CFB /* Utilities */,
				8BAE3787200910EB00120CFB /* Model */,
				8BAE3786200910E600120CFB /* View */,
				8BAE378C2009112400120CFB /* Controller */,
				8BAE37702008F91E00120CFB /* AppDelegate.swift */,
				8BAE37742008F91E00120CFB /* Main.storyboard */,
				8BAE37772008F91E00120CFB /* Assets.xcassets */,
				8BAE37792008F91E00120CFB /* LaunchScreen.storyboard */,
				8BAE377C2008F91E00120CFB /* Info.plist */,
			);
			path = BigShaqApp;
			sourceTree = "<group>";
		};
		8BAE3786200910E600120CFB /* View */ = {
			isa = PBXGroup;
			children = (
				8BAE3784200910DC00120CFB /* SoundCell.swift */,
			);
			path = View;
			sourceTree = "<group>";
		};
		8BAE3787200910EB00120CFB /* Model */ = {
			isa = PBXGroup;
			children = (
				8BAE378D200911A100120CFB /* Sound.swift */,
				8BAE378F20091AE500120CFB /* SoundService.swift */,
			);
			path = Model;
			sourceTree = "<group>";
		};
		8BAE3788200910F100120CFB /* Utilities */ = {
			isa = PBXGroup;
			children = (
				8BAE379120091CA700120CFB /* Sounds */,
				8BAE37892009110300120CFB /* Fonts */,
				8BAE378A2009111600120CFB /* Constants.swift */,
			);
			path = Utilities;
			sourceTree = "<group>";
		};
		8BAE37892009110300120CFB /* Fonts */ = {
			isa = PBXGroup;
			children = (
				8BAE3782200908FA00120CFB /* Lazer84 2.ttf */,
			);
			path = Fonts;
			sourceTree = "<group>";
		};
		8BAE378C2009112400120CFB /* Controller */ = {
			isa = PBXGroup;
			children = (
				8BAE37722008F91E00120CFB /* SoundPlayVC.swift */,
			);
			path = Controller;
			sourceTree = "<group>";
		};
		8BAE379120091CA700120CFB /* Sounds */ = {
			isa = PBXGroup;
			children = (
				8BAE379220091EAA00120CFB /* bigshaq.mp3 */,
				8BAE379420091EB700120CFB /* asnee.mp3 */,
				8BAE379620091EE100120CFB /* frizbee.mp3 */,
				8BAE379820091F2E00120CFB /* ducking.mp3 */,
				8BAE379A20091F5500120CFB /* boom.mp3 */,
				8BAE379C20091F9600120CFB /* trap.mp3 */,
			);
			path = Sounds;
			sourceTree = "<group>";
		};
/* End PBXGroup section */

/* Begin PBXNativeTarget section */
		8BAE376C2008F91E00120CFB /* BigShaqApp */ = {
			isa = PBXNativeTarget;
			buildConfigurationList = 8BAE377F2008F91E00120CFB /* Build configuration list for PBXNativeTarget "BigShaqApp" */;
			buildPhases = (
				8BAE37692008F91E00120CFB /* Sources */,
				8BAE376A2008F91E00120CFB /* Frameworks */,
				8BAE376B2008F91E00120CFB /* Resources */,
			);
			buildRules = (
			);
			dependencies = (
			);
			name = BigShaqApp;
			productName = BigShaqApp;
			productReference = 8BAE376D2008F91E00120CFB /* BigShaqApp.app */;
			productType = "com.apple.product-type.application";
		};
/* End PBXNativeTarget section */

/* Begin PBXProject section */
		8BAE37652008F91E00120CFB /* Project object */ = {
			isa = PBXProject;
			attributes = {
				LastSwiftUpdateCheck = 0920;
				LastUpgradeCheck = 0920;
				ORGANIZATIONNAME = OmarBello;
				TargetAttributes = {
					8BAE376C2008F91E00120CFB = {
						CreatedOnToolsVersion = 9.2;
						ProvisioningStyle = Automatic;
					};
				};
			};
			buildConfigurationList = 8BAE37682008F91E00120CFB /* Build configuration list for PBXProject "BigShaqApp" */;
			compatibilityVersion = "Xcode 8.0";
			developmentRegion = en;
			hasScannedForEncodings = 0;
			knownRegions = (
				en,
				Base,
			);
			mainGroup = 8BAE37642008F91E00120CFB;
			productRefGroup = 8BAE376E2008F91E00120CFB /* Products */;
			projectDirPath = "";
			projectRoot = "";
			targets = (
				8BAE376C2008F91E00120CFB /* BigShaqApp */,
			);
		};
/* End PBXProject section */

/* Begin PBXResourcesBuildPhase section */
		8BAE376B2008F91E00120CFB /* Resources */ = {
			isa = PBXResourcesBuildPhase;
			buildActionMask = 2147483647;
			files = (
				8BAE379B20091F5500120CFB /* boom.mp3 in Resources */,
				8BAE379D20091F9600120CFB /* trap.mp3 in Resources */,
				8BAE379920091F2E00120CFB /* ducking.mp3 in Resources */,
				8BAE377B2008F91E00120CFB /* LaunchScreen.storyboard in Resources */,
				8BAE379720091EE100120CFB /* frizbee.mp3 in Resources */,
				8BAE379320091EAA00120CFB /* bigshaq.mp3 in Resources */,
				8BAE3783200908FA00120CFB /* Lazer84 2.ttf in Resources */,
				8BAE37782008F91E00120CFB /* Assets.xcassets in Resources */,
				8BAE379520091EB700120CFB /* asnee.mp3 in Resources */,
				8BAE37762008F91E00120CFB /* Main.storyboard in Resources */,
			);
			runOnlyForDeploymentPostprocessing = 0;
		};
/* End PBXResourcesBuildPhase section */

/* Begin PBXSourcesBuildPhase section */
		8BAE37692008F91E00120CFB /* Sources */ = {
			isa = PBXSourcesBuildPhase;
			buildActionMask = 2147483647;
			files = (
				8BAE378E200911A100120CFB /* Sound.swift in Sources */,
				8BAE379020091AE500120CFB /* SoundService.swift in Sources */,
				8BAE3785200910DC00120CFB /* SoundCell.swift in Sources */,
				8BAE37732008F91E00120CFB /* SoundPlayVC.swift in Sources */,
				8BAE37712008F91E00120CFB /* AppDelegate.swift in Sources */,
				8BAE378B2009111600120CFB /* Constants.swift in Sources */,
			);
			runOnlyForDeploymentPostprocessing = 0;
		};
/* End PBXSourcesBuildPhase section */

/* Begin PBXVariantGroup section */
		8BAE37742008F91E00120CFB /* Main.storyboard */ = {
			isa = PBXVariantGroup;
			children = (
				8BAE37752008F91E00120CFB /* Base */,
			);
			name = Main.storyboard;
			sourceTree = "<group>";
		};
		8BAE37792008F91E00120CFB /* LaunchScreen.storyboard */ = {
			isa = PBXVariantGroup;
			children = (
				8BAE377A2008F91E00120CFB /* Base */,
			);
			name = LaunchScreen.storyboard;
			sourceTree = "<group>";
		};
/* End PBXVariantGroup section */

/* Begin XCBuildConfiguration section */
		8BAE377D2008F91E00120CFB /* Debug */ = {
			isa = XCBuildConfiguration;
			buildSettings = {
				ALWAYS_SEARCH_USER_PATHS = NO;
				CLANG_ANALYZER_NONNULL = YES;
				CLANG_ANALYZER_NUMBER_OBJECT_CONVERSION = YES_AGGRESSIVE;
				CLANG_CXX_LANGUAGE_STANDARD = "gnu++14";
				CLANG_CXX_LIBRARY = "libc++";
				CLANG_ENABLE_MODULES = YES;
				CLANG_ENABLE_OBJC_ARC = YES;
				CLANG_WARN_BLOCK_CAPTURE_AUTORELEASING = YES;
				CLANG_WARN_BOOL_CONVERSION = YES;
				CLANG_WARN_COMMA = YES;
				CLANG_WARN_CONSTANT_CONVERSION = YES;
				CLANG_WARN_DIRECT_OBJC_ISA_USAGE = YES_ERROR;
				CLANG_WARN_DOCUMENTATION_COMMENTS = YES;
				CLANG_WARN_EMPTY_BODY = YES;
				CLANG_WARN_ENUM_CONVERSION = YES;
				CLANG_WARN_INFINITE_RECURSION = YES;
				CLANG_WARN_INT_CONVERSION = YES;
				CLANG_WARN_NON_LITERAL_NULL_CONVERSION = YES;
				CLANG_WARN_OBJC_LITERAL_CONVERSION = YES;
				CLANG_WARN_OBJC_ROOT_CLASS = YES_ERROR;
				CLANG_WARN_RANGE_LOOP_ANALYSIS = YES;
				CLANG_WARN_STRICT_PROTOTYPES = YES;
				CLANG_WARN_SUSPICIOUS_MOVE = YES;
				CLANG_WARN_UNGUARDED_AVAILABILITY = YES_AGGRESSIVE;
				CLANG_WARN_UNREACHABLE_CODE = YES;
				CLANG_WARN__DUPLICATE_METHOD_MATCH = YES;
				CODE_SIGN_IDENTITY = "iPhone Developer";
				COPY_PHASE_STRIP = NO;
				DEBUG_INFORMATION_FORMAT = dwarf;
				ENABLE_STRICT_OBJC_MSGSEND = YES;
				ENABLE_TESTABILITY = YES;
				GCC_C_LANGUAGE_STANDARD = gnu11;
				GCC_DYNAMIC_NO_PIC = NO;
				GCC_NO_COMMON_BLOCKS = YES;
				GCC_OPTIMIZATION_LEVEL = 0;
				GCC_PREPROCESSOR_DEFINITIONS = (
					"DEBUG=1",
					"$(inherited)",
				);
				GCC_WARN_64_TO_32_BIT_CONVERSION = YES;
				GCC_WARN_ABOUT_RETURN_TYPE = YES_ERROR;
				GCC_WARN_UNDECLARED_SELECTOR = YES;
				GCC_WARN_UNINITIALIZED_AUTOS = YES_AGGRESSIVE;
				GCC_WARN_UNUSED_FUNCTION = YES;
				GCC_WARN_UNUSED_VARIABLE = YES;
				IPHONEOS_DEPLOYMENT_TARGET = 11.2;
				MTL_ENABLE_DEBUG_INFO = YES;
				ONLY_ACTIVE_ARCH = YES;
				SDKROOT = iphoneos;
				SWIFT_ACTIVE_COMPILATION_CONDITIONS = DEBUG;
				SWIFT_OPTIMIZATION_LEVEL = "-Onone";
			};
			name = Debug;
		};
		8BAE377E2008F91E00120CFB /* Release */ = {
			isa = XCBuildConfiguration;
			buildSettings = {
				ALWAYS_SEARCH_USER_PATHS = NO;
				CLANG_ANALYZER_NONNULL = YES;
				CLANG_ANALYZER_NUMBER_OBJECT_CONVERSION = YES_AGGRESSIVE;
				CLANG_CXX_LANGUAGE_STANDARD = "gnu++14";
				CLANG_CXX_LIBRARY = "libc++";
				CLANG_ENABLE_MODULES = YES;
				CLANG_ENABLE_OBJC_ARC = YES;
				CLANG_WARN_BLOCK_CAPTURE_AUTORELEASING = YES;
				CLANG_WARN_BOOL_CONVERSION = YES;
				CLANG_WARN_COMMA = YES;
				CLANG_WARN_CONSTANT_CONVERSION = YES;
				CLANG_WARN_DIRECT_OBJC_ISA_USAGE = YES_ERROR;
				CLANG_WARN_DOCUMENTATION_COMMENTS = YES;
				CLANG_WARN_EMPTY_BODY = YES;
				CLANG_WARN_ENUM_CONVERSION = YES;
				CLANG_WARN_INFINITE_RECURSION = YES;
				CLANG_WARN_INT_CONVERSION = YES;
				CLANG_WARN_NON_LITERAL_NULL_CONVERSION = YES;
				CLANG_WARN_OBJC_LITERAL_CONVERSION = YES;
				CLANG_WARN_OBJC_ROOT_CLASS = YES_ERROR;
				CLANG_WARN_RANGE_LOOP_ANALYSIS = YES;
				CLANG_WARN_STRICT_PROTOTYPES = YES;
				CLANG_WARN_SUSPICIOUS_MOVE = YES;
				CLANG_WARN_UNGUARDED_AVAILABILITY = YES_AGGRESSIVE;
				CLANG_WARN_UNREACHABLE_CODE = YES;
				CLANG_WARN__DUPLICATE_METHOD_MATCH = YES;
				CODE_SIGN_IDENTITY = "iPhone Developer";
				COPY_PHASE_STRIP = NO;
				DEBUG_INFORMATION_FORMAT = "dwarf-with-dsym";
				ENABLE_NS_ASSERTIONS = NO;
				ENABLE_STRICT_OBJC_MSGSEND = YES;
				GCC_C_LANGUAGE_STANDARD = gnu11;
				GCC_NO_COMMON_BLOCKS = YES;
				GCC_WARN_64_TO_32_BIT_CONVERSION = YES;
				GCC_WARN_ABOUT_RETURN_TYPE = YES_ERROR;
				GCC_WARN_UNDECLARED_SELECTOR = YES;
				GCC_WARN_UNINITIALIZED_AUTOS = YES_AGGRESSIVE;
				GCC_WARN_UNUSED_FUNCTION = YES;
				GCC_WARN_UNUSED_VARIABLE = YES;
				IPHONEOS_DEPLOYMENT_TARGET = 11.2;
				MTL_ENABLE_DEBUG_INFO = NO;
				SDKROOT = iphoneos;
				SWIFT_OPTIMIZATION_LEVEL = "-Owholemodule";
				VALIDATE_PRODUCT = YES;
			};
			name = Release;
		};
		8BAE37802008F91E00120CFB /* Debug */ = {
			isa = XCBuildConfiguration;
			buildSettings = {
				ASSETCATALOG_COMPILER_APPICON_NAME = AppIcon;
				CODE_SIGN_STYLE = Automatic;
				DEVELOPMENT_TEAM = 2785L66FJ3;
				INFOPLIST_FILE = BigShaqApp/Info.plist;
				LD_RUNPATH_SEARCH_PATHS = "$(inherited) @executable_path/Frameworks";
				PRODUCT_BUNDLE_IDENTIFIER = OB.BigShaqApp;
				PRODUCT_NAME = "$(TARGET_NAME)";
				SWIFT_VERSION = 4.0;
				TARGETED_DEVICE_FAMILY = "1,2";
			};
			name = Debug;
		};
		8BAE37812008F91E00120CFB /* Release */ = {
			isa = XCBuildConfiguration;
			buildSettings = {
				ASSETCATALOG_COMPILER_APPICON_NAME = AppIcon;
				CODE_SIGN_STYLE = Automatic;
				DEVELOPMENT_TEAM = 2785L66FJ3;
				INFOPLIST_FILE = BigShaqApp/Info.plist;
				LD_RUNPATH_SEARCH_PATHS = "$(inherited) @executable_path/Frameworks";
				PRODUCT_BUNDLE_IDENTIFIER = OB.BigShaqApp;
				PRODUCT_NAME = "$(TARGET_NAME)";
				SWIFT_VERSION = 4.0;
				TARGETED_DEVICE_FAMILY = "1,2";
			};
			name = Release;
		};
/* End XCBuildConfiguration section */

/* Begin XCConfigurationList section */
		8BAE37682008F91E00120CFB /* Build configuration list for PBXProject "BigShaqApp" */ = {
			isa = XCConfigurationList;
			buildConfigurations = (
				8BAE377D2008F91E00120CFB /* Debug */,
				8BAE377E2008F91E00120CFB /* Release */,
			);
			defaultConfigurationIsVisible = 0;
			defaultConfigurationName = Release;
		};
		8BAE377F2008F91E00120CFB /* Build configuration list for PBXNativeTarget "BigShaqApp" */ = {
			isa = XCConfigurationList;
			buildConfigurations = (
				8BAE37802008F91E00120CFB /* Debug */,
				8BAE37812008F91E00120CFB /* Release */,
			);
			defaultConfigurationIsVisible = 0;
			defaultConfigurationName = Release;
		};
/* End XCConfigurationList section */
	};
	rootObject = 8BAE37652008F91E00120CFB /* Project object */;
}
